
Microsoft Visual Studio Solution File, Format Version 12.00
# Visual Studio Version 17
VisualStudioVersion = 17.11.35431.28
MinimumVisualStudioVersion = 10.0.40219.1
Project("{FAE04EC0-301F-11D3-BF4B-00C04F79EFBC}") = "Expense-Tracker", "Expense-Tracker\Expense-Tracker.csproj", "{F77A5E0D-FDD9-469A-8536-338726FB2DBF}"
EndProject
Global
	GlobalSection(SolutionConfigurationPlatforms) = preSolution
		Debug|Any CPU = Debug|Any CPU
		Release|Any CPU = Release|Any CPU
	EndGlobalSection
	GlobalSection(ProjectConfigurationPlatforms) = postSolution
		{F77A5E0D-FDD9-469A-8536-338726FB2DBF}.Debug|Any CPU.ActiveCfg = Debug|Any CPU
		{F77A5E0D-FDD9-469A-8536-338726FB2DBF}.Debug|Any CPU.Build.0 = Debug|Any CPU
		{F77A5E0D-FDD9-469A-8536-338726FB2DBF}.Release|Any CPU.ActiveCfg = Release|Any CPU
		{F77A5E0D-FDD9-469A-8536-338726FB2DBF}.Release|Any CPU.Build.0 = Release|Any CPU
	EndGlobalSection
	GlobalSection(SolutionProperties) = preSolution
		HideSolutionNode = FALSE
	EndGlobalSection
	GlobalSection(ExtensibilityGlobals) = postSolution
		SolutionGuid = {1B8017BF-B1B8-4315-A02B-176AEC5043BF}
	EndGlobalSection
EndGlobal
